
Microsoft Visual Studio Solution File, Format Version 12.00
# Visual Studio 15
VisualStudioVersion = 15.0.28010.2019
MinimumVisualStudioVersion = 10.0.40219.1
Project("{FAE04EC0-301F-11D3-BF4B-00C04F79EFBC}") = "vozila", "vozila\vozila.csproj", "{B575A545-2214-405F-BD7E-5077AED3E76C}"
EndProject
Global
	GlobalSection(SolutionConfigurationPlatforms) = preSolution
		Debug|Any CPU = Debug|Any CPU
		Release|Any CPU = Release|Any CPU
	EndGlobalSection
	GlobalSection(ProjectConfigurationPlatforms) = postSolution
		{B575A545-2214-405F-BD7E-5077AED3E76C}.Debug|Any CPU.ActiveCfg = Debug|Any CPU
		{B575A545-2214-405F-BD7E-5077AED3E76C}.Debug|Any CPU.Build.0 = Debug|Any CPU
		{B575A545-2214-405F-BD7E-5077AED3E76C}.Release|Any CPU.ActiveCfg = Release|Any CPU
		{B575A545-2214-405F-BD7E-5077AED3E76C}.Release|Any CPU.Build.0 = Release|Any CPU
	EndGlobalSection
	GlobalSection(SolutionProperties) = preSolution
		HideSolutionNode = FALSE
	EndGlobalSection
	GlobalSection(ExtensibilityGlobals) = postSolution
		SolutionGuid = {C29765FE-5D94-4581-BD64-22DBD819F56B}
	EndGlobalSection
EndGlobal
